// !$*UTF8*$!
{
	archiveVersion = 1;
	classes = {
	};
	objectVersion = 46;
	objects = {

/* Begin PBXBuildFile section */
		1AAC92F51AD1248300EE84E9 /* main.m in Sources */ = {isa = PBXBuildFile; fileRef = 1AAC92F41AD1248300EE84E9 /* main.m */; };
		1AAC92F81AD1248300EE84E9 /* AppDelegate.m in Sources */ = {isa = PBXBuildFile; fileRef = 1AAC92F71AD1248300EE84E9 /* AppDelegate.m */; };
		1AAC92FB1AD1248300EE84E9 /* ViewController.mm in Sources */ = {isa = PBXBuildFile; fileRef = 1AAC92FA1AD1248300EE84E9 /* ViewController.mm */; };
		1AAC92FE1AD1248300EE84E9 /* Main.storyboard in Resources */ = {isa = PBXBuildFile; fileRef = 1AAC92FC1AD1248300EE84E9 /* Main.storyboard */; };
		1AAC93001AD1248300EE84E9 /* Images.xcassets in Resources */ = {isa = PBXBuildFile; fileRef = 1AAC92FF1AD1248300EE84E9 /* Images.xcassets */; };
		1AAC93031AD1248300EE84E9 /* LaunchScreen.xib in Resources */ = {isa = PBXBuildFile; fileRef = 1AAC93011AD1248300EE84E9 /* LaunchScreen.xib */; };
		1AAC930F1AD1248300EE84E9 /* SpotifyVisualizerTests.m in Sources */ = {isa = PBXBuildFile; fileRef = 1AAC930E1AD1248300EE84E9 /* SpotifyVisualizerTests.m */; };
		1AAC931A1AD126E300EE84E9 /* CustomSPTCoreAudioController.m in Sources */ = {isa = PBXBuildFile; fileRef = 1AAC93191AD126E300EE84E9 /* CustomSPTCoreAudioController.m */; };
		1AAC931F1AD12F3F00EE84E9 /* LoginController.m in Sources */ = {isa = PBXBuildFile; fileRef = 1AAC931E1AD12F3F00EE84E9 /* LoginController.m */; };
		1AE2E0BB1AD139FC00DF8D4B /* BufferManager.cpp in Sources */ = {isa = PBXBuildFile; fileRef = 1AE2E0AA1AD139FC00DF8D4B /* BufferManager.cpp */; };
		1AE2E0BC1AD139FC00DF8D4B /* DCRejectionFilter.cpp in Sources */ = {isa = PBXBuildFile; fileRef = 1AE2E0AC1AD139FC00DF8D4B /* DCRejectionFilter.cpp */; };
		1AE2E0BD1AD139FC00DF8D4B /* FFTHelper.cpp in Sources */ = {isa = PBXBuildFile; fileRef = 1AE2E0AE1AD139FC00DF8D4B /* FFTHelper.cpp */; };
		1AE2E0BE1AD139FC00DF8D4B /* CADebugMacros.cpp in Sources */ = {isa = PBXBuildFile; fileRef = 1AE2E0B21AD139FC00DF8D4B /* CADebugMacros.cpp */; };
		1AE2E0BF1AD139FC00DF8D4B /* CADebugPrintf.cpp in Sources */ = {isa = PBXBuildFile; fileRef = 1AE2E0B41AD139FC00DF8D4B /* CADebugPrintf.cpp */; };
		1AE2E0C01AD139FC00DF8D4B /* CAStreamBasicDescription.cpp in Sources */ = {isa = PBXBuildFile; fileRef = 1AE2E0B71AD139FC00DF8D4B /* CAStreamBasicDescription.cpp */; };
		1AE2E0C11AD139FC00DF8D4B /* CAXException.cpp in Sources */ = {isa = PBXBuildFile; fileRef = 1AE2E0B91AD139FC00DF8D4B /* CAXException.cpp */; };
		1AE2E0C31AD13C4D00DF8D4B /* Accelerate.framework in Frameworks */ = {isa = PBXBuildFile; fileRef = 1AE2E0C21AD13C4D00DF8D4B /* Accelerate.framework */; };
		E9D6D51A6023432810AF8DCE /* libPods.a in Frameworks */ = {isa = PBXBuildFile; fileRef = 3680D24A510C3BB558E30539 /* libPods.a */; };
/* End PBXBuildFile section */

/* Begin PBXContainerItemProxy section */
		1AAC93091AD1248300EE84E9 /* PBXContainerItemProxy */ = {
			isa = PBXContainerItemProxy;
			containerPortal = 1AAC92E71AD1248300EE84E9 /* Project object */;
			proxyType = 1;
			remoteGlobalIDString = 1AAC92EE1AD1248300EE84E9;
			remoteInfo = SpotifyVisualizer;
		};
/* End PBXContainerItemProxy section */

/* Begin PBXFileReference section */
		1AAC92EF1AD1248300EE84E9 /* SpotifyVisualizer.app */ = {isa = PBXFileReference; explicitFileType = wrapper.application; includeInIndex = 0; path = SpotifyVisualizer.app; sourceTree = BUILT_PRODUCTS_DIR; };
		1AAC92F31AD1248300EE84E9 /* Info.plist */ = {isa = PBXFileReference; lastKnownFileType = text.plist.xml; path = Info.plist; sourceTree = "<group>"; };
		1AAC92F41AD1248300EE84E9 /* main.m */ = {isa = PBXFileReference; lastKnownFileType = sourcecode.c.objc; path = main.m; sourceTree = "<group>"; };
		1AAC92F61AD1248300EE84E9 /* AppDelegate.h */ = {isa = PBXFileReference; lastKnownFileType = sourcecode.c.h; path = AppDelegate.h; sourceTree = "<group>"; };
		1AAC92F71AD1248300EE84E9 /* AppDelegate.m */ = {isa = PBXFileReference; lastKnownFileType = sourcecode.c.objc; path = AppDelegate.m; sourceTree = "<group>"; };
		1AAC92F91AD1248300EE84E9 /* ViewController.h */ = {isa = PBXFileReference; lastKnownFileType = sourcecode.c.h; path = ViewController.h; sourceTree = "<group>"; };
		1AAC92FA1AD1248300EE84E9 /* ViewController.mm */ = {isa = PBXFileReference; lastKnownFileType = sourcecode.cpp.objcpp; path = ViewController.mm; sourceTree = "<group>"; };
		1AAC92FD1AD1248300EE84E9 /* Base */ = {isa = PBXFileReference; lastKnownFileType = file.storyboard; name = Base; path = Base.lproj/Main.storyboard; sourceTree = "<group>"; };
		1AAC92FF1AD1248300EE84E9 /* Images.xcassets */ = {isa = PBXFileReference; lastKnownFileType = folder.assetcatalog; path = Images.xcassets; sourceTree = "<group>"; };
		1AAC93021AD1248300EE84E9 /* Base */ = {isa = PBXFileReference; lastKnownFileType = file.xib; name = Base; path = Base.lproj/LaunchScreen.xib; sourceTree = "<group>"; };
		1AAC93081AD1248300EE84E9 /* SpotifyVisualizerTests.xctest */ = {isa = PBXFileReference; explicitFileType = wrapper.cfbundle; includeInIndex = 0; path = SpotifyVisualizerTests.xctest; sourceTree = BUILT_PRODUCTS_DIR; };
		1AAC930D1AD1248300EE84E9 /* Info.plist */ = {isa = PBXFileReference; lastKnownFileType = text.plist.xml; path = Info.plist; sourceTree = "<group>"; };
		1AAC930E1AD1248300EE84E9 /* SpotifyVisualizerTests.m */ = {isa = PBXFileReference; lastKnownFileType = sourcecode.c.objc; path = SpotifyVisualizerTests.m; sourceTree = "<group>"; };
		1AAC93181AD126E300EE84E9 /* CustomSPTCoreAudioController.h */ = {isa = PBXFileReference; fileEncoding = 4; lastKnownFileType = sourcecode.c.h; path = CustomSPTCoreAudioController.h; sourceTree = "<group>"; };
		1AAC93191AD126E300EE84E9 /* CustomSPTCoreAudioController.m */ = {isa = PBXFileReference; fileEncoding = 4; lastKnownFileType = sourcecode.c.objc; path = CustomSPTCoreAudioController.m; sourceTree = "<group>"; };
		1AAC931C1AD12EB900EE84E9 /* Config.h */ = {isa = PBXFileReference; fileEncoding = 4; lastKnownFileType = sourcecode.c.h; path = Config.h; sourceTree = "<group>"; };
		1AAC931D1AD12F3F00EE84E9 /* LoginController.h */ = {isa = PBXFileReference; fileEncoding = 4; lastKnownFileType = sourcecode.c.h; path = LoginController.h; sourceTree = "<group>"; };
		1AAC931E1AD12F3F00EE84E9 /* LoginController.m */ = {isa = PBXFileReference; fileEncoding = 4; lastKnownFileType = sourcecode.c.objc; path = LoginController.m; sourceTree = "<group>"; };
		1AE2E0AA1AD139FC00DF8D4B /* BufferManager.cpp */ = {isa = PBXFileReference; fileEncoding = 4; lastKnownFileType = sourcecode.cpp.cpp; path = BufferManager.cpp; sourceTree = "<group>"; };
		1AE2E0AB1AD139FC00DF8D4B /* BufferManager.h */ = {isa = PBXFileReference; fileEncoding = 4; lastKnownFileType = sourcecode.c.h; path = BufferManager.h; sourceTree = "<group>"; };
		1AE2E0AC1AD139FC00DF8D4B /* DCRejectionFilter.cpp */ = {isa = PBXFileReference; fileEncoding = 4; lastKnownFileType = sourcecode.cpp.cpp; path = DCRejectionFilter.cpp; sourceTree = "<group>"; };
		1AE2E0AD1AD139FC00DF8D4B /* DCRejectionFilter.h */ = {isa = PBXFileReference; fileEncoding = 4; lastKnownFileType = sourcecode.c.h; path = DCRejectionFilter.h; sourceTree = "<group>"; };
		1AE2E0AE1AD139FC00DF8D4B /* FFTHelper.cpp */ = {isa = PBXFileReference; fileEncoding = 4; lastKnownFileType = sourcecode.cpp.cpp; path = FFTHelper.cpp; sourceTree = "<group>"; };
		1AE2E0AF1AD139FC00DF8D4B /* FFTHelper.h */ = {isa = PBXFileReference; fileEncoding = 4; lastKnownFileType = sourcecode.c.h; path = FFTHelper.h; sourceTree = "<group>"; };
		1AE2E0B11AD139FC00DF8D4B /* CABitOperations.h */ = {isa = PBXFileReference; fileEncoding = 4; lastKnownFileType = sourcecode.c.h; path = CABitOperations.h; sourceTree = "<group>"; };
		1AE2E0B21AD139FC00DF8D4B /* CADebugMacros.cpp */ = {isa = PBXFileReference; fileEncoding = 4; lastKnownFileType = sourcecode.cpp.cpp; path = CADebugMacros.cpp; sourceTree = "<group>"; };
		1AE2E0B31AD139FC00DF8D4B /* CADebugMacros.h */ = {isa = PBXFileReference; fileEncoding = 4; lastKnownFileType = sourcecode.c.h; path = CADebugMacros.h; sourceTree = "<group>"; };
		1AE2E0B41AD139FC00DF8D4B /* CADebugPrintf.cpp */ = {isa = PBXFileReference; fileEncoding = 4; lastKnownFileType = sourcecode.cpp.cpp; path = CADebugPrintf.cpp; sourceTree = "<group>"; };
		1AE2E0B51AD139FC00DF8D4B /* CADebugPrintf.h */ = {isa = PBXFileReference; fileEncoding = 4; lastKnownFileType = sourcecode.c.h; path = CADebugPrintf.h; sourceTree = "<group>"; };
		1AE2E0B61AD139FC00DF8D4B /* CAMath.h */ = {isa = PBXFileReference; fileEncoding = 4; lastKnownFileType = sourcecode.c.h; path = CAMath.h; sourceTree = "<group>"; };
		1AE2E0B71AD139FC00DF8D4B /* CAStreamBasicDescription.cpp */ = {isa = PBXFileReference; fileEncoding = 4; lastKnownFileType = sourcecode.cpp.cpp; path = CAStreamBasicDescription.cpp; sourceTree = "<group>"; };
		1AE2E0B81AD139FC00DF8D4B /* CAStreamBasicDescription.h */ = {isa = PBXFileReference; fileEncoding = 4; lastKnownFileType = sourcecode.c.h; path = CAStreamBasicDescription.h; sourceTree = "<group>"; };
		1AE2E0B91AD139FC00DF8D4B /* CAXException.cpp */ = {isa = PBXFileReference; fileEncoding = 4; lastKnownFileType = sourcecode.cpp.cpp; path = CAXException.cpp; sourceTree = "<group>"; };
		1AE2E0BA1AD139FC00DF8D4B /* CAXException.h */ = {isa = PBXFileReference; fileEncoding = 4; lastKnownFileType = sourcecode.c.h; path = CAXException.h; sourceTree = "<group>"; };
		1AE2E0C21AD13C4D00DF8D4B /* Accelerate.framework */ = {isa = PBXFileReference; lastKnownFileType = wrapper.framework; name = Accelerate.framework; path = System/Library/Frameworks/Accelerate.framework; sourceTree = SDKROOT; };
		3136440C06135D67AD21DE28 /* Pods.release.xcconfig */ = {isa = PBXFileReference; includeInIndex = 1; lastKnownFileType = text.xcconfig; name = Pods.release.xcconfig; path = "Pods/Target Support Files/Pods/Pods.release.xcconfig"; sourceTree = "<group>"; };
		3680D24A510C3BB558E30539 /* libPods.a */ = {isa = PBXFileReference; explicitFileType = archive.ar; includeInIndex = 0; path = libPods.a; sourceTree = BUILT_PRODUCTS_DIR; };
		78B7EE54972F8919B44B8899 /* Pods.debug.xcconfig */ = {isa = PBXFileReference; includeInIndex = 1; lastKnownFileType = text.xcconfig; name = Pods.debug.xcconfig; path = "Pods/Target Support Files/Pods/Pods.debug.xcconfig"; sourceTree = "<group>"; };
/* End PBXFileReference section */

/* Begin PBXFrameworksBuildPhase section */
		1AAC92EC1AD1248300EE84E9 /* Frameworks */ = {
			isa = PBXFrameworksBuildPhase;
			buildActionMask = 2147483647;
			files = (
				1AE2E0C31AD13C4D00DF8D4B /* Accelerate.framework in Frameworks */,
				E9D6D51A6023432810AF8DCE /* libPods.a in Frameworks */,
			);
			runOnlyForDeploymentPostprocessing = 0;
		};
		1AAC93051AD1248300EE84E9 /* Frameworks */ = {
			isa = PBXFrameworksBuildPhase;
			buildActionMask = 2147483647;
			files = (
			);
			runOnlyForDeploymentPostprocessing = 0;
		};
/* End PBXFrameworksBuildPhase section */

/* Begin PBXGroup section */
		0CCF6A02BF1703B7E766A642 /* Frameworks */ = {
			isa = PBXGroup;
			children = (
				1AE2E0C21AD13C4D00DF8D4B /* Accelerate.framework */,
				3680D24A510C3BB558E30539 /* libPods.a */,
			);
			name = Frameworks;
			sourceTree = "<group>";
		};
		1AAC92E61AD1248300EE84E9 = {
			isa = PBXGroup;
			children = (
				1AAC92F11AD1248300EE84E9 /* SpotifyVisualizer */,
				1AAC930B1AD1248300EE84E9 /* SpotifyVisualizerTests */,
				1AAC92F01AD1248300EE84E9 /* Products */,
				B5A1334DA60DA6C0C6C3B6B5 /* Pods */,
				0CCF6A02BF1703B7E766A642 /* Frameworks */,
			);
			sourceTree = "<group>";
		};
		1AAC92F01AD1248300EE84E9 /* Products */ = {
			isa = PBXGroup;
			children = (
				1AAC92EF1AD1248300EE84E9 /* SpotifyVisualizer.app */,
				1AAC93081AD1248300EE84E9 /* SpotifyVisualizerTests.xctest */,
			);
			name = Products;
			sourceTree = "<group>";
		};
		1AAC92F11AD1248300EE84E9 /* SpotifyVisualizer */ = {
			isa = PBXGroup;
			children = (
				1AE2E0A91AD139FC00DF8D4B /* CoreAudio */,
				1AAC931C1AD12EB900EE84E9 /* Config.h */,
				1AAC92F61AD1248300EE84E9 /* AppDelegate.h */,
				1AAC92F71AD1248300EE84E9 /* AppDelegate.m */,
				1AAC92F91AD1248300EE84E9 /* ViewController.h */,
				1AAC92FA1AD1248300EE84E9 /* ViewController.mm */,
				1AAC931D1AD12F3F00EE84E9 /* LoginController.h */,
				1AAC931E1AD12F3F00EE84E9 /* LoginController.m */,
				1AAC92FC1AD1248300EE84E9 /* Main.storyboard */,
				1AAC92FF1AD1248300EE84E9 /* Images.xcassets */,
				1AAC93011AD1248300EE84E9 /* LaunchScreen.xib */,
				1AAC92F21AD1248300EE84E9 /* Supporting Files */,
				1AAC93181AD126E300EE84E9 /* CustomSPTCoreAudioController.h */,
				1AAC93191AD126E300EE84E9 /* CustomSPTCoreAudioController.m */,
			);
			path = SpotifyVisualizer;
			sourceTree = "<group>";
		};
		1AAC92F21AD1248300EE84E9 /* Supporting Files */ = {
			isa = PBXGroup;
			children = (
				1AAC92F31AD1248300EE84E9 /* Info.plist */,
				1AAC92F41AD1248300EE84E9 /* main.m */,
			);
			name = "Supporting Files";
			sourceTree = "<group>";
		};
		1AAC930B1AD1248300EE84E9 /* SpotifyVisualizerTests */ = {
			isa = PBXGroup;
			children = (
				1AAC930E1AD1248300EE84E9 /* SpotifyVisualizerTests.m */,
				1AAC930C1AD1248300EE84E9 /* Supporting Files */,
			);
			path = SpotifyVisualizerTests;
			sourceTree = "<group>";
		};
		1AAC930C1AD1248300EE84E9 /* Supporting Files */ = {
			isa = PBXGroup;
			children = (
				1AAC930D1AD1248300EE84E9 /* Info.plist */,
			);
			name = "Supporting Files";
			sourceTree = "<group>";
		};
		1AE2E0A91AD139FC00DF8D4B /* CoreAudio */ = {
			isa = PBXGroup;
			children = (
				1AE2E0AA1AD139FC00DF8D4B /* BufferManager.cpp */,
				1AE2E0AB1AD139FC00DF8D4B /* BufferManager.h */,
				1AE2E0AC1AD139FC00DF8D4B /* DCRejectionFilter.cpp */,
				1AE2E0AD1AD139FC00DF8D4B /* DCRejectionFilter.h */,
				1AE2E0AE1AD139FC00DF8D4B /* FFTHelper.cpp */,
				1AE2E0AF1AD139FC00DF8D4B /* FFTHelper.h */,
				1AE2E0B01AD139FC00DF8D4B /* PublicUtility */,
			);
			path = CoreAudio;
			sourceTree = "<group>";
		};
		1AE2E0B01AD139FC00DF8D4B /* PublicUtility */ = {
			isa = PBXGroup;
			children = (
				1AE2E0B11AD139FC00DF8D4B /* CABitOperations.h */,
				1AE2E0B21AD139FC00DF8D4B /* CADebugMacros.cpp */,
				1AE2E0B31AD139FC00DF8D4B /* CADebugMacros.h */,
				1AE2E0B41AD139FC00DF8D4B /* CADebugPrintf.cpp */,
				1AE2E0B51AD139FC00DF8D4B /* CADebugPrintf.h */,
				1AE2E0B61AD139FC00DF8D4B /* CAMath.h */,
				1AE2E0B71AD139FC00DF8D4B /* CAStreamBasicDescription.cpp */,
				1AE2E0B81AD139FC00DF8D4B /* CAStreamBasicDescription.h */,
				1AE2E0B91AD139FC00DF8D4B /* CAXException.cpp */,
				1AE2E0BA1AD139FC00DF8D4B /* CAXException.h */,
			);
			path = PublicUtility;
			sourceTree = "<group>";
		};
		B5A1334DA60DA6C0C6C3B6B5 /* Pods */ = {
			isa = PBXGroup;
			children = (
				78B7EE54972F8919B44B8899 /* Pods.debug.xcconfig */,
				3136440C06135D67AD21DE28 /* Pods.release.xcconfig */,
			);
			name = Pods;
			sourceTree = "<group>";
		};
/* End PBXGroup section */

/* Begin PBXNativeTarget section */
		1AAC92EE1AD1248300EE84E9 /* SpotifyVisualizer */ = {
			isa = PBXNativeTarget;
			buildConfigurationList = 1AAC93121AD1248300EE84E9 /* Build configuration list for PBXNativeTarget "SpotifyVisualizer" */;
			buildPhases = (
				8904509558132235D6B8FB5D /* Check Pods Manifest.lock */,
				1AAC92EB1AD1248300EE84E9 /* Sources */,
				1AAC92EC1AD1248300EE84E9 /* Frameworks */,
				1AAC92ED1AD1248300EE84E9 /* Resources */,
				BD732AB21FC8024A61BA6AC1 /* Copy Pods Resources */,
			);
			buildRules = (
			);
			dependencies = (
			);
			name = SpotifyVisualizer;
			productName = SpotifyVisualizer;
			productReference = 1AAC92EF1AD1248300EE84E9 /* SpotifyVisualizer.app */;
			productType = "com.apple.product-type.application";
		};
		1AAC93071AD1248300EE84E9 /* SpotifyVisualizerTests */ = {
			isa = PBXNativeTarget;
			buildConfigurationList = 1AAC93151AD1248300EE84E9 /* Build configuration list for PBXNativeTarget "SpotifyVisualizerTests" */;
			buildPhases = (
				1AAC93041AD1248300EE84E9 /* Sources */,
				1AAC93051AD1248300EE84E9 /* Frameworks */,
				1AAC93061AD1248300EE84E9 /* Resources */,
			);
			buildRules = (
			);
			dependencies = (
				1AAC930A1AD1248300EE84E9 /* PBXTargetDependency */,
			);
			name = SpotifyVisualizerTests;
			productName = SpotifyVisualizerTests;
			productReference = 1AAC93081AD1248300EE84E9 /* SpotifyVisualizerTests.xctest */;
			productType = "com.apple.product-type.bundle.unit-test";
		};
/* End PBXNativeTarget section */

/* Begin PBXProject section */
		1AAC92E71AD1248300EE84E9 /* Project object */ = {
			isa = PBXProject;
			attributes = {
				LastUpgradeCheck = 0620;
				ORGANIZATIONNAME = "James Kong";
				TargetAttributes = {
					1AAC92EE1AD1248300EE84E9 = {
						CreatedOnToolsVersion = 6.2;
					};
					1AAC93071AD1248300EE84E9 = {
						CreatedOnToolsVersion = 6.2;
						TestTargetID = 1AAC92EE1AD1248300EE84E9;
					};
				};
			};
			buildConfigurationList = 1AAC92EA1AD1248300EE84E9 /* Build configuration list for PBXProject "SpotifyVisualizer" */;
			compatibilityVersion = "Xcode 3.2";
			developmentRegion = English;
			hasScannedForEncodings = 0;
			knownRegions = (
				en,
				Base,
			);
			mainGroup = 1AAC92E61AD1248300EE84E9;
			productRefGroup = 1AAC92F01AD1248300EE84E9 /* Products */;
			projectDirPath = "";
			projectRoot = "";
			targets = (
				1AAC92EE1AD1248300EE84E9 /* SpotifyVisualizer */,
				1AAC93071AD1248300EE84E9 /* SpotifyVisualizerTests */,
			);
		};
/* End PBXProject section */

/* Begin PBXResourcesBuildPhase section */
		1AAC92ED1AD1248300EE84E9 /* Resources */ = {
			isa = PBXResourcesBuildPhase;
			buildActionMask = 2147483647;
			files = (
				1AAC92FE1AD1248300EE84E9 /* Main.storyboard in Resources */,
				1AAC93031AD1248300EE84E9 /* LaunchScreen.xib in Resources */,
				1AAC93001AD1248300EE84E9 /* Images.xcassets in Resources */,
			);
			runOnlyForDeploymentPostprocessing = 0;
		};
		1AAC93061AD1248300EE84E9 /* Resources */ = {
			isa = PBXResourcesBuildPhase;
			buildActionMask = 2147483647;
			files = (
			);
			runOnlyForDeploymentPostprocessing = 0;
		};
/* End PBXResourcesBuildPhase section */

/* Begin PBXShellScriptBuildPhase section */
		8904509558132235D6B8FB5D /* Check Pods Manifest.lock */ = {
			isa = PBXShellScriptBuildPhase;
			buildActionMask = 2147483647;
			files = (
			);
			inputPaths = (
			);
			name = "Check Pods Manifest.lock";
			outputPaths = (
			);
			runOnlyForDeploymentPostprocessing = 0;
			shellPath = /bin/sh;
			shellScript = "diff \"${PODS_ROOT}/../Podfile.lock\" \"${PODS_ROOT}/Manifest.lock\" > /dev/null\nif [[ $? != 0 ]] ; then\n    cat << EOM\nerror: The sandbox is not in sync with the Podfile.lock. Run 'pod install' or update your CocoaPods installation.\nEOM\n    exit 1\nfi\n";
			showEnvVarsInLog = 0;
		};
		BD732AB21FC8024A61BA6AC1 /* Copy Pods Resources */ = {
			isa = PBXShellScriptBuildPhase;
			buildActionMask = 2147483647;
			files = (
			);
			inputPaths = (
			);
			name = "Copy Pods Resources";
			outputPaths = (
			);
			runOnlyForDeploymentPostprocessing = 0;
			shellPath = /bin/sh;
			shellScript = "\"${SRCROOT}/Pods/Target Support Files/Pods/Pods-resources.sh\"\n";
			showEnvVarsInLog = 0;
		};
/* End PBXShellScriptBuildPhase section */

/* Begin PBXSourcesBuildPhase section */
		1AAC92EB1AD1248300EE84E9 /* Sources */ = {
			isa = PBXSourcesBuildPhase;
			buildActionMask = 2147483647;
			files = (
				1AE2E0C11AD139FC00DF8D4B /* CAXException.cpp in Sources */,
				1AAC931F1AD12F3F00EE84E9 /* LoginController.m in Sources */,
				1AE2E0BC1AD139FC00DF8D4B /* DCRejectionFilter.cpp in Sources */,
				1AAC92FB1AD1248300EE84E9 /* ViewController.mm in Sources */,
				1AAC92F81AD1248300EE84E9 /* AppDelegate.m in Sources */,
				1AE2E0C01AD139FC00DF8D4B /* CAStreamBasicDescription.cpp in Sources */,
				1AE2E0BB1AD139FC00DF8D4B /* BufferManager.cpp in Sources */,
				1AAC931A1AD126E300EE84E9 /* CustomSPTCoreAudioController.m in Sources */,
				1AE2E0BF1AD139FC00DF8D4B /* CADebugPrintf.cpp in Sources */,
				1AE2E0BD1AD139FC00DF8D4B /* FFTHelper.cpp in Sources */,
				1AE2E0BE1AD139FC00DF8D4B /* CADebugMacros.cpp in Sources */,
				1AAC92F51AD1248300EE84E9 /* main.m in Sources */,
			);
			runOnlyForDeploymentPostprocessing = 0;
		};
		1AAC93041AD1248300EE84E9 /* Sources */ = {
			isa = PBXSourcesBuildPhase;
			buildActionMask = 2147483647;
			files = (
				1AAC930F1AD1248300EE84E9 /* SpotifyVisualizerTests.m in Sources */,
			);
			runOnlyForDeploymentPostprocessing = 0;
		};
/* End PBXSourcesBuildPhase section */

/* Begin PBXTargetDependency section */
		1AAC930A1AD1248300EE84E9 /* PBXTargetDependency */ = {
			isa = PBXTargetDependency;
			target = 1AAC92EE1AD1248300EE84E9 /* SpotifyVisualizer */;
			targetProxy = 1AAC93091AD1248300EE84E9 /* PBXContainerItemProxy */;
		};
/* End PBXTargetDependency section */

/* Begin PBXVariantGroup section */
		1AAC92FC1AD1248300EE84E9 /* Main.storyboard */ = {
			isa = PBXVariantGroup;
			children = (
				1AAC92FD1AD1248300EE84E9 /* Base */,
			);
			name = Main.storyboard;
			sourceTree = "<group>";
		};
		1AAC93011AD1248300EE84E9 /* LaunchScreen.xib */ = {
			isa = PBXVariantGroup;
			children = (
				1AAC93021AD1248300EE84E9 /* Base */,
			);
			name = LaunchScreen.xib;
			sourceTree = "<group>";
		};
/* End PBXVariantGroup section */

/* Begin XCBuildConfiguration section */
		1AAC93101AD1248300EE84E9 /* Debug */ = {
			isa = XCBuildConfiguration;
			buildSettings = {
				ALWAYS_SEARCH_USER_PATHS = NO;
				CLANG_CXX_LANGUAGE_STANDARD = "gnu++0x";
				CLANG_CXX_LIBRARY = "libc++";
				CLANG_ENABLE_MODULES = YES;
				CLANG_ENABLE_OBJC_ARC = YES;
				CLANG_WARN_BOOL_CONVERSION = YES;
				CLANG_WARN_CONSTANT_CONVERSION = YES;
				CLANG_WARN_DIRECT_OBJC_ISA_USAGE = YES_ERROR;
				CLANG_WARN_EMPTY_BODY = YES;
				CLANG_WARN_ENUM_CONVERSION = YES;
				CLANG_WARN_INT_CONVERSION = YES;
				CLANG_WARN_OBJC_ROOT_CLASS = YES_ERROR;
				CLANG_WARN_UNREACHABLE_CODE = YES;
				CLANG_WARN__DUPLICATE_METHOD_MATCH = YES;
				"CODE_SIGN_IDENTITY[sdk=iphoneos*]" = "iPhone Developer";
				COPY_PHASE_STRIP = NO;
				ENABLE_STRICT_OBJC_MSGSEND = YES;
				GCC_C_LANGUAGE_STANDARD = gnu99;
				GCC_DYNAMIC_NO_PIC = NO;
				GCC_OPTIMIZATION_LEVEL = 0;
				GCC_PREPROCESSOR_DEFINITIONS = (
					"DEBUG=1",
					"$(inherited)",
				);
				GCC_SYMBOLS_PRIVATE_EXTERN = NO;
				GCC_WARN_64_TO_32_BIT_CONVERSION = YES;
				GCC_WARN_ABOUT_RETURN_TYPE = YES_ERROR;
				GCC_WARN_UNDECLARED_SELECTOR = YES;
				GCC_WARN_UNINITIALIZED_AUTOS = YES_AGGRESSIVE;
				GCC_WARN_UNUSED_FUNCTION = YES;
				GCC_WARN_UNUSED_VARIABLE = YES;
				IPHONEOS_DEPLOYMENT_TARGET = 8.2;
				MTL_ENABLE_DEBUG_INFO = YES;
				ONLY_ACTIVE_ARCH = YES;
				SDKROOT = iphoneos;
				TARGETED_DEVICE_FAMILY = "1,2";
			};
			name = Debug;
		};
		1AAC93111AD1248300EE84E9 /* Release */ = {
			isa = XCBuildConfiguration;
			buildSettings = {
				ALWAYS_SEARCH_USER_PATHS = NO;
				CLANG_CXX_LANGUAGE_STANDARD = "gnu++0x";
				CLANG_CXX_LIBRARY = "libc++";
				CLANG_ENABLE_MODULES = YES;
				CLANG_ENABLE_OBJC_ARC = YES;
				CLANG_WARN_BOOL_CONVERSION = YES;
				CLANG_WARN_CONSTANT_CONVERSION = YES;
				CLANG_WARN_DIRECT_OBJC_ISA_USAGE = YES_ERROR;
				CLANG_WARN_EMPTY_BODY = YES;
				CLANG_WARN_ENUM_CONVERSION = YES;
				CLANG_WARN_INT_CONVERSION = YES;
				CLANG_WARN_OBJC_ROOT_CLASS = YES_ERROR;
				CLANG_WARN_UNREACHABLE_CODE = YES;
				CLANG_WARN__DUPLICATE_METHOD_MATCH = YES;
				"CODE_SIGN_IDENTITY[sdk=iphoneos*]" = "iPhone Developer";
				COPY_PHASE_STRIP = NO;
				ENABLE_NS_ASSERTIONS = NO;
				ENABLE_STRICT_OBJC_MSGSEND = YES;
				GCC_C_LANGUAGE_STANDARD = gnu99;
				GCC_WARN_64_TO_32_BIT_CONVERSION = YES;
				GCC_WARN_ABOUT_RETURN_TYPE = YES_ERROR;
				GCC_WARN_UNDECLARED_SELECTOR = YES;
				GCC_WARN_UNINITIALIZED_AUTOS = YES_AGGRESSIVE;
				GCC_WARN_UNUSED_FUNCTION = YES;
				GCC_WARN_UNUSED_VARIABLE = YES;
				IPHONEOS_DEPLOYMENT_TARGET = 8.2;
				MTL_ENABLE_DEBUG_INFO = NO;
				SDKROOT = iphoneos;
				TARGETED_DEVICE_FAMILY = "1,2";
				VALIDATE_PRODUCT = YES;
			};
			name = Release;
		};
		1AAC93131AD1248300EE84E9 /* Debug */ = {
			isa = XCBuildConfiguration;
			baseConfigurationReference = 78B7EE54972F8919B44B8899 /* Pods.debug.xcconfig */;
			buildSettings = {
				ASSETCATALOG_COMPILER_APPICON_NAME = AppIcon;
				INFOPLIST_FILE = SpotifyVisualizer/Info.plist;
				LD_RUNPATH_SEARCH_PATHS = "$(inherited) @executable_path/Frameworks";
				PRODUCT_NAME = "$(TARGET_NAME)";
			};
			name = Debug;
		};
		1AAC93141AD1248300EE84E9 /* Release */ = {
			isa = XCBuildConfiguration;
			baseConfigurationReference = 3136440C06135D67AD21DE28 /* Pods.release.xcconfig */;
			buildSettings = {
				ASSETCATALOG_COMPILER_APPICON_NAME = AppIcon;
				INFOPLIST_FILE = SpotifyVisualizer/Info.plist;
				LD_RUNPATH_SEARCH_PATHS = "$(inherited) @executable_path/Frameworks";
				PRODUCT_NAME = "$(TARGET_NAME)";
			};
			name = Release;
		};
		1AAC93161AD1248300EE84E9 /* Debug */ = {
			isa = XCBuildConfiguration;
			buildSettings = {
				BUNDLE_LOADER = "$(TEST_HOST)";
				FRAMEWORK_SEARCH_PATHS = (
					"$(SDKROOT)/Developer/Library/Frameworks",
					"$(inherited)",
				);
				GCC_PREPROCESSOR_DEFINITIONS = (
					"DEBUG=1",
					"$(inherited)",
				);
				INFOPLIST_FILE = SpotifyVisualizerTests/Info.plist;
				LD_RUNPATH_SEARCH_PATHS = "$(inherited) @executable_path/Frameworks @loader_path/Frameworks";
				PRODUCT_NAME = "$(TARGET_NAME)";
				TEST_HOST = "$(BUILT_PRODUCTS_DIR)/SpotifyVisualizer.app/SpotifyVisualizer";
			};
			name = Debug;
		};
		1AAC93171AD1248300EE84E9 /* Release */ = {
			isa = XCBuildConfiguration;
			buildSettings = {
				BUNDLE_LOADER = "$(TEST_HOST)";
				FRAMEWORK_SEARCH_PATHS = (
					"$(SDKROOT)/Developer/Library/Frameworks",
					"$(inherited)",
				);
				INFOPLIST_FILE = SpotifyVisualizerTests/Info.plist;
				LD_RUNPATH_SEARCH_PATHS = "$(inherited) @executable_path/Frameworks @loader_path/Frameworks";
				PRODUCT_NAME = "$(TARGET_NAME)";
				TEST_HOST = "$(BUILT_PRODUCTS_DIR)/SpotifyVisualizer.app/SpotifyVisualizer";
			};
			name = Release;
		};
/* End XCBuildConfiguration section */

/* Begin XCConfigurationList section */
		1AAC92EA1AD1248300EE84E9 /* Build configuration list for PBXProject "SpotifyVisualizer" */ = {
			isa = XCConfigurationList;
			buildConfigurations = (
				1AAC93101AD1248300EE84E9 /* Debug */,
				1AAC93111AD1248300EE84E9 /* Release */,
			);
			defaultConfigurationIsVisible = 0;
			defaultConfigurationName = Release;
		};
		1AAC93121AD1248300EE84E9 /* Build configuration list for PBXNativeTarget "SpotifyVisualizer" */ = {
			isa = XCConfigurationList;
			buildConfigurations = (
				1AAC93131AD1248300EE84E9 /* Debug */,
				1AAC93141AD1248300EE84E9 /* Release */,
			);
			defaultConfigurationIsVisible = 0;
			defaultConfigurationName = Release;
		};
		1AAC93151AD1248300EE84E9 /* Build configuration list for PBXNativeTarget "SpotifyVisualizerTests" */ = {
			isa = XCConfigurationList;
			buildConfigurations = (
				1AAC93161AD1248300EE84E9 /* Debug */,
				1AAC93171AD1248300EE84E9 /* Release */,
			);
			defaultConfigurationIsVisible = 0;
			defaultConfigurationName = Release;
		};
/* End XCConfigurationList section */
	};
	rootObject = 1AAC92E71AD1248300EE84E9 /* Project object */;
}
